// !$*UTF8*$!
{
	archiveVersion = 1;
	classes = {
	};
	objectVersion = 51;
	objects = {

/* Begin PBXBuildFile section */
		00FBFC9E26428A0B00124B8B /* AppDelegate.swift in Sources */ = {isa = PBXBuildFile; fileRef = 00FBFC9D26428A0B00124B8B /* AppDelegate.swift */; };
		00FBFCA026428A0B00124B8B /* SceneDelegate.swift in Sources */ = {isa = PBXBuildFile; fileRef = 00FBFC9F26428A0B00124B8B /* SceneDelegate.swift */; };
		00FBFCA226428A0B00124B8B /* ViewController.swift in Sources */ = {isa = PBXBuildFile; fileRef = 00FBFCA126428A0B00124B8B /* ViewController.swift */; };
		00FBFCA526428A0B00124B8B /* Main.storyboard in Resources */ = {isa = PBXBuildFile; fileRef = 00FBFCA326428A0B00124B8B /* Main.storyboard */; };
		00FBFCA726428A0D00124B8B /* Assets.xcassets in Resources */ = {isa = PBXBuildFile; fileRef = 00FBFCA626428A0D00124B8B /* Assets.xcassets */; };
		00FBFCAA26428A0D00124B8B /* LaunchScreen.storyboard in Resources */ = {isa = PBXBuildFile; fileRef = 00FBFCA826428A0D00124B8B /* LaunchScreen.storyboard */; };
		00FBFCC026428C4800124B8B /* BaseNetworkLayer.swift in Sources */ = {isa = PBXBuildFile; fileRef = 00FBFCBF26428C4800124B8B /* BaseNetworkLayer.swift */; };
		C81BFA57776DE322A7F7BF44 /* Pods_SearchApp.framework in Frameworks */ = {isa = PBXBuildFile; fileRef = 4473180ECD485BCA065CBEC7 /* Pods_SearchApp.framework */; };
/* End PBXBuildFile section */

/* Begin PBXFileReference section */
		00FBFC9A26428A0B00124B8B /* SearchApp.app */ = {isa = PBXFileReference; explicitFileType = wrapper.application; includeInIndex = 0; path = SearchApp.app; sourceTree = BUILT_PRODUCTS_DIR; };
		00FBFC9D26428A0B00124B8B /* AppDelegate.swift */ = {isa = PBXFileReference; lastKnownFileType = sourcecode.swift; path = AppDelegate.swift; sourceTree = "<group>"; };
		00FBFC9F26428A0B00124B8B /* SceneDelegate.swift */ = {isa = PBXFileReference; lastKnownFileType = sourcecode.swift; path = SceneDelegate.swift; sourceTree = "<group>"; };
		00FBFCA126428A0B00124B8B /* ViewController.swift */ = {isa = PBXFileReference; lastKnownFileType = sourcecode.swift; path = ViewController.swift; sourceTree = "<group>"; };
		00FBFCA426428A0B00124B8B /* Base */ = {isa = PBXFileReference; lastKnownFileType = file.storyboard; name = Base; path = Base.lproj/Main.storyboard; sourceTree = "<group>"; };
		00FBFCA626428A0D00124B8B /* Assets.xcassets */ = {isa = PBXFileReference; lastKnownFileType = folder.assetcatalog; path = Assets.xcassets; sourceTree = "<group>"; };
		00FBFCA926428A0D00124B8B /* Base */ = {isa = PBXFileReference; lastKnownFileType = file.storyboard; name = Base; path = Base.lproj/LaunchScreen.storyboard; sourceTree = "<group>"; };
		00FBFCAB26428A0D00124B8B /* Info.plist */ = {isa = PBXFileReference; lastKnownFileType = text.plist.xml; path = Info.plist; sourceTree = "<group>"; };
		00FBFCBF26428C4800124B8B /* BaseNetworkLayer.swift */ = {isa = PBXFileReference; lastKnownFileType = sourcecode.swift; path = BaseNetworkLayer.swift; sourceTree = "<group>"; };
		088C826A327E91FC5BD543D0 /* Pods-SearchApp.debug.xcconfig */ = {isa = PBXFileReference; includeInIndex = 1; lastKnownFileType = text.xcconfig; name = "Pods-SearchApp.debug.xcconfig"; path = "Target Support Files/Pods-SearchApp/Pods-SearchApp.debug.xcconfig"; sourceTree = "<group>"; };
		4473180ECD485BCA065CBEC7 /* Pods_SearchApp.framework */ = {isa = PBXFileReference; explicitFileType = wrapper.framework; includeInIndex = 0; path = Pods_SearchApp.framework; sourceTree = BUILT_PRODUCTS_DIR; };
		FF227C35317278A1C1212574 /* Pods-SearchApp.release.xcconfig */ = {isa = PBXFileReference; includeInIndex = 1; lastKnownFileType = text.xcconfig; name = "Pods-SearchApp.release.xcconfig"; path = "Target Support Files/Pods-SearchApp/Pods-SearchApp.release.xcconfig"; sourceTree = "<group>"; };
/* End PBXFileReference section */

/* Begin PBXFrameworksBuildPhase section */
		00FBFC9726428A0B00124B8B /* Frameworks */ = {
			isa = PBXFrameworksBuildPhase;
			buildActionMask = 2147483647;
			files = (
				C81BFA57776DE322A7F7BF44 /* Pods_SearchApp.framework in Frameworks */,
			);
			runOnlyForDeploymentPostprocessing = 0;
		};
/* End PBXFrameworksBuildPhase section */

/* Begin PBXGroup section */
		00FBFC9126428A0B00124B8B = {
			isa = PBXGroup;
			children = (
				00FBFC9C26428A0B00124B8B /* SearchApp */,
				00FBFC9B26428A0B00124B8B /* Products */,
				A88173F22F049F607D6ACD49 /* Pods */,
				6D415F04E719A4353AD78FF0 /* Frameworks */,
			);
			sourceTree = "<group>";
		};
		00FBFC9B26428A0B00124B8B /* Products */ = {
			isa = PBXGroup;
			children = (
				00FBFC9A26428A0B00124B8B /* SearchApp.app */,
			);
			name = Products;
			sourceTree = "<group>";
		};
		00FBFC9C26428A0B00124B8B /* SearchApp */ = {
			isa = PBXGroup;
			children = (
				00FBFCBC26428BEC00124B8B /* Scenes */,
				00FBFCBB26428BE700124B8B /* Components */,
				00FBFCBA26428BE300124B8B /* Network */,
				00FBFCB926428BDE00124B8B /* Supporting Files */,
				00FBFCB826428BD500124B8B /* Utilities */,
				00FBFCAB26428A0D00124B8B /* Info.plist */,
			);
			path = SearchApp;
			sourceTree = "<group>";
		};
		00FBFCB826428BD500124B8B /* Utilities */ = {
			isa = PBXGroup;
			children = (
			);
			path = Utilities;
			sourceTree = "<group>";
		};
		00FBFCB926428BDE00124B8B /* Supporting Files */ = {
			isa = PBXGroup;
			children = (
				00FBFC9D26428A0B00124B8B /* AppDelegate.swift */,
				00FBFC9F26428A0B00124B8B /* SceneDelegate.swift */,
				00FBFCA626428A0D00124B8B /* Assets.xcassets */,
				00FBFCA826428A0D00124B8B /* LaunchScreen.storyboard */,
				00FBFCA326428A0B00124B8B /* Main.storyboard */,
			);
			path = "Supporting Files";
			sourceTree = "<group>";
		};
		00FBFCBA26428BE300124B8B /* Network */ = {
			isa = PBXGroup;
			children = (
				00FBFCBD26428C3200124B8B /* APILayer */,
				00FBFCBE26428C3700124B8B /* ServiceLayer */,
			);
			path = Network;
			sourceTree = "<group>";
		};
		00FBFCBB26428BE700124B8B /* Components */ = {
			isa = PBXGroup;
			children = (
			);
			path = Components;
			sourceTree = "<group>";
		};
		00FBFCBC26428BEC00124B8B /* Scenes */ = {
			isa = PBXGroup;
			children = (
				00FBFCC326428C9900124B8B /* Search */,
				00FBFCC426428CA000124B8B /* Detail */,
			);
			path = Scenes;
			sourceTree = "<group>";
		};
		00FBFCBD26428C3200124B8B /* APILayer */ = {
			isa = PBXGroup;
			children = (
				00FBFCBF26428C4800124B8B /* BaseNetworkLayer.swift */,
			);
			path = APILayer;
			sourceTree = "<group>";
		};
		00FBFCBE26428C3700124B8B /* ServiceLayer */ = {
			isa = PBXGroup;
			children = (
			);
			path = ServiceLayer;
			sourceTree = "<group>";
		};
		00FBFCC326428C9900124B8B /* Search */ = {
			isa = PBXGroup;
			children = (
				00FBFCA126428A0B00124B8B /* ViewController.swift */,
			);
			path = Search;
			sourceTree = "<group>";
		};
		00FBFCC426428CA000124B8B /* Detail */ = {
			isa = PBXGroup;
			children = (
			);
			path = Detail;
			sourceTree = "<group>";
		};
		6D415F04E719A4353AD78FF0 /* Frameworks */ = {
			isa = PBXGroup;
			children = (
				4473180ECD485BCA065CBEC7 /* Pods_SearchApp.framework */,
			);
			name = Frameworks;
			sourceTree = "<group>";
		};
		A88173F22F049F607D6ACD49 /* Pods */ = {
			isa = PBXGroup;
			children = (
				088C826A327E91FC5BD543D0 /* Pods-SearchApp.debug.xcconfig */,
				FF227C35317278A1C1212574 /* Pods-SearchApp.release.xcconfig */,
			);
			path = Pods;
			sourceTree = "<group>";
		};
/* End PBXGroup section */

/* Begin PBXNativeTarget section */
		00FBFC9926428A0B00124B8B /* SearchApp */ = {
			isa = PBXNativeTarget;
			buildConfigurationList = 00FBFCAE26428A0D00124B8B /* Build configuration list for PBXNativeTarget "SearchApp" */;
			buildPhases = (
				0984F98D4FC0276BE5DA76B9 /* [CP] Check Pods Manifest.lock */,
				00FBFC9626428A0B00124B8B /* Sources */,
				00FBFC9726428A0B00124B8B /* Frameworks */,
				00FBFC9826428A0B00124B8B /* Resources */,
				78AEBC7F5DC0319145CFAB8F /* [CP] Embed Pods Frameworks */,
			);
			buildRules = (
			);
			dependencies = (
			);
			name = SearchApp;
			productName = SearchApp;
			productReference = 00FBFC9A26428A0B00124B8B /* SearchApp.app */;
			productType = "com.apple.product-type.application";
		};
/* End PBXNativeTarget section */

/* Begin PBXProject section */
		00FBFC9226428A0B00124B8B /* Project object */ = {
			isa = PBXProject;
			attributes = {
				LastSwiftUpdateCheck = 1210;
				LastUpgradeCheck = 1210;
				TargetAttributes = {
					00FBFC9926428A0B00124B8B = {
						CreatedOnToolsVersion = 12.1;
					};
				};
			};
			buildConfigurationList = 00FBFC9526428A0B00124B8B /* Build configuration list for PBXProject "SearchApp" */;
			compatibilityVersion = "Xcode 9.3";
			developmentRegion = en;
			hasScannedForEncodings = 0;
			knownRegions = (
				en,
				Base,
			);
			mainGroup = 00FBFC9126428A0B00124B8B;
			productRefGroup = 00FBFC9B26428A0B00124B8B /* Products */;
			projectDirPath = "";
			projectRoot = "";
			targets = (
				00FBFC9926428A0B00124B8B /* SearchApp */,
			);
		};
/* End PBXProject section */

/* Begin PBXResourcesBuildPhase section */
		00FBFC9826428A0B00124B8B /* Resources */ = {
			isa = PBXResourcesBuildPhase;
			buildActionMask = 2147483647;
			files = (
				00FBFCAA26428A0D00124B8B /* LaunchScreen.storyboard in Resources */,
				00FBFCA726428A0D00124B8B /* Assets.xcassets in Resources */,
				00FBFCA526428A0B00124B8B /* Main.storyboard in Resources */,
			);
			runOnlyForDeploymentPostprocessing = 0;
		};
/* End PBXResourcesBuildPhase section */

/* Begin PBXShellScriptBuildPhase section */
		0984F98D4FC0276BE5DA76B9 /* [CP] Check Pods Manifest.lock */ = {
			isa = PBXShellScriptBuildPhase;
			buildActionMask = 2147483647;
			files = (
			);
			inputFileListPaths = (
			);
			inputPaths = (
				"${PODS_PODFILE_DIR_PATH}/Podfile.lock",
				"${PODS_ROOT}/Manifest.lock",
			);
			name = "[CP] Check Pods Manifest.lock";
			outputFileListPaths = (
			);
			outputPaths = (
				"$(DERIVED_FILE_DIR)/Pods-SearchApp-checkManifestLockResult.txt",
			);
			runOnlyForDeploymentPostprocessing = 0;
			shellPath = /bin/sh;
			shellScript = "diff \"${PODS_PODFILE_DIR_PATH}/Podfile.lock\" \"${PODS_ROOT}/Manifest.lock\" > /dev/null\nif [ $? != 0 ] ; then\n    # print error to STDERR\n    echo \"error: The sandbox is not in sync with the Podfile.lock. Run 'pod install' or update your CocoaPods installation.\" >&2\n    exit 1\nfi\n# This output is used by Xcode 'outputs' to avoid re-running this script phase.\necho \"SUCCESS\" > \"${SCRIPT_OUTPUT_FILE_0}\"\n";
			showEnvVarsInLog = 0;
		};
		78AEBC7F5DC0319145CFAB8F /* [CP] Embed Pods Frameworks */ = {
			isa = PBXShellScriptBuildPhase;
			buildActionMask = 2147483647;
			files = (
			);
			inputFileListPaths = (
				"${PODS_ROOT}/Target Support Files/Pods-SearchApp/Pods-SearchApp-frameworks-${CONFIGURATION}-input-files.xcfilelist",
			);
			name = "[CP] Embed Pods Frameworks";
			outputFileListPaths = (
				"${PODS_ROOT}/Target Support Files/Pods-SearchApp/Pods-SearchApp-frameworks-${CONFIGURATION}-output-files.xcfilelist",
			);
			runOnlyForDeploymentPostprocessing = 0;
			shellPath = /bin/sh;
			shellScript = "\"${PODS_ROOT}/Target Support Files/Pods-SearchApp/Pods-SearchApp-frameworks.sh\"\n";
			showEnvVarsInLog = 0;
		};
/* End PBXShellScriptBuildPhase section */

/* Begin PBXSourcesBuildPhase section */
		00FBFC9626428A0B00124B8B /* Sources */ = {
			isa = PBXSourcesBuildPhase;
			buildActionMask = 2147483647;
			files = (
				00FBFCA226428A0B00124B8B /* ViewController.swift in Sources */,
				00FBFC9E26428A0B00124B8B /* AppDelegate.swift in Sources */,
				00FBFCA026428A0B00124B8B /* SceneDelegate.swift in Sources */,
				00FBFCC026428C4800124B8B /* BaseNetworkLayer.swift in Sources */,
			);
			runOnlyForDeploymentPostprocessing = 0;
		};
/* End PBXSourcesBuildPhase section */

/* Begin PBXVariantGroup section */
		00FBFCA326428A0B00124B8B /* Main.storyboard */ = {
			isa = PBXVariantGroup;
			children = (
				00FBFCA426428A0B00124B8B /* Base */,
			);
			name = Main.storyboard;
			sourceTree = "<group>";
		};
		00FBFCA826428A0D00124B8B /* LaunchScreen.storyboard */ = {
			isa = PBXVariantGroup;
			children = (
				00FBFCA926428A0D00124B8B /* Base */,
			);
			name = LaunchScreen.storyboard;
			sourceTree = "<group>";
		};
/* End PBXVariantGroup section */

/* Begin XCBuildConfiguration section */
		00FBFCAC26428A0D00124B8B /* Debug */ = {
			isa = XCBuildConfiguration;
			buildSettings = {
				ALWAYS_SEARCH_USER_PATHS = NO;
				CLANG_ANALYZER_NONNULL = YES;
				CLANG_ANALYZER_NUMBER_OBJECT_CONVERSION = YES_AGGRESSIVE;
				CLANG_CXX_LANGUAGE_STANDARD = "gnu++14";
				CLANG_CXX_LIBRARY = "libc++";
				CLANG_ENABLE_MODULES = YES;
				CLANG_ENABLE_OBJC_ARC = YES;
				CLANG_ENABLE_OBJC_WEAK = YES;
				CLANG_WARN_BLOCK_CAPTURE_AUTORELEASING = YES;
				CLANG_WARN_BOOL_CONVERSION = YES;
				CLANG_WARN_COMMA = YES;
				CLANG_WARN_CONSTANT_CONVERSION = YES;
				CLANG_WARN_DEPRECATED_OBJC_IMPLEMENTATIONS = YES;
				CLANG_WARN_DIRECT_OBJC_ISA_USAGE = YES_ERROR;
				CLANG_WARN_DOCUMENTATION_COMMENTS = YES;
				CLANG_WARN_EMPTY_BODY = YES;
				CLANG_WARN_ENUM_CONVERSION = YES;
				CLANG_WARN_INFINITE_RECURSION = YES;
				CLANG_WARN_INT_CONVERSION = YES;
				CLANG_WARN_NON_LITERAL_NULL_CONVERSION = YES;
				CLANG_WARN_OBJC_IMPLICIT_RETAIN_SELF = YES;
				CLANG_WARN_OBJC_LITERAL_CONVERSION = YES;
				CLANG_WARN_OBJC_ROOT_CLASS = YES_ERROR;
				CLANG_WARN_QUOTED_INCLUDE_IN_FRAMEWORK_HEADER = YES;
				CLANG_WARN_RANGE_LOOP_ANALYSIS = YES;
				CLANG_WARN_STRICT_PROTOTYPES = YES;
				CLANG_WARN_SUSPICIOUS_MOVE = YES;
				CLANG_WARN_UNGUARDED_AVAILABILITY = YES_AGGRESSIVE;
				CLANG_WARN_UNREACHABLE_CODE = YES;
				CLANG_WARN__DUPLICATE_METHOD_MATCH = YES;
				COPY_PHASE_STRIP = NO;
				DEBUG_INFORMATION_FORMAT = dwarf;
				ENABLE_STRICT_OBJC_MSGSEND = YES;
				ENABLE_TESTABILITY = YES;
				GCC_C_LANGUAGE_STANDARD = gnu11;
				GCC_DYNAMIC_NO_PIC = NO;
				GCC_NO_COMMON_BLOCKS = YES;
				GCC_OPTIMIZATION_LEVEL = 0;
				GCC_PREPROCESSOR_DEFINITIONS = (
					"DEBUG=1",
					"$(inherited)",
				);
				GCC_WARN_64_TO_32_BIT_CONVERSION = YES;
				GCC_WARN_ABOUT_RETURN_TYPE = YES_ERROR;
				GCC_WARN_UNDECLARED_SELECTOR = YES;
				GCC_WARN_UNINITIALIZED_AUTOS = YES_AGGRESSIVE;
				GCC_WARN_UNUSED_FUNCTION = YES;
				GCC_WARN_UNUSED_VARIABLE = YES;
				IPHONEOS_DEPLOYMENT_TARGET = 14.1;
				MTL_ENABLE_DEBUG_INFO = INCLUDE_SOURCE;
				MTL_FAST_MATH = YES;
				ONLY_ACTIVE_ARCH = YES;
				SDKROOT = iphoneos;
				SWIFT_ACTIVE_COMPILATION_CONDITIONS = DEBUG;
				SWIFT_OPTIMIZATION_LEVEL = "-Onone";
			};
			name = Debug;
		};
		00FBFCAD26428A0D00124B8B /* Release */ = {
			isa = XCBuildConfiguration;
			buildSettings = {
				ALWAYS_SEARCH_USER_PATHS = NO;
				CLANG_ANALYZER_NONNULL = YES;
				CLANG_ANALYZER_NUMBER_OBJECT_CONVERSION = YES_AGGRESSIVE;
				CLANG_CXX_LANGUAGE_STANDARD = "gnu++14";
				CLANG_CXX_LIBRARY = "libc++";
				CLANG_ENABLE_MODULES = YES;
				CLANG_ENABLE_OBJC_ARC = YES;
				CLANG_ENABLE_OBJC_WEAK = YES;
				CLANG_WARN_BLOCK_CAPTURE_AUTORELEASING = YES;
				CLANG_WARN_BOOL_CONVERSION = YES;
				CLANG_WARN_COMMA = YES;
				CLANG_WARN_CONSTANT_CONVERSION = YES;
				CLANG_WARN_DEPRECATED_OBJC_IMPLEMENTATIONS = YES;
				CLANG_WARN_DIRECT_OBJC_ISA_USAGE = YES_ERROR;
				CLANG_WARN_DOCUMENTATION_COMMENTS = YES;
				CLANG_WARN_EMPTY_BODY = YES;
				CLANG_WARN_ENUM_CONVERSION = YES;
				CLANG_WARN_INFINITE_RECURSION = YES;
				CLANG_WARN_INT_CONVERSION = YES;
				CLANG_WARN_NON_LITERAL_NULL_CONVERSION = YES;
				CLANG_WARN_OBJC_IMPLICIT_RETAIN_SELF = YES;
				CLANG_WARN_OBJC_LITERAL_CONVERSION = YES;
				CLANG_WARN_OBJC_ROOT_CLASS = YES_ERROR;
				CLANG_WARN_QUOTED_INCLUDE_IN_FRAMEWORK_HEADER = YES;
				CLANG_WARN_RANGE_LOOP_ANALYSIS = YES;
				CLANG_WARN_STRICT_PROTOTYPES = YES;
				CLANG_WARN_SUSPICIOUS_MOVE = YES;
				CLANG_WARN_UNGUARDED_AVAILABILITY = YES_AGGRESSIVE;
				CLANG_WARN_UNREACHABLE_CODE = YES;
				CLANG_WARN__DUPLICATE_METHOD_MATCH = YES;
				COPY_PHASE_STRIP = NO;
				DEBUG_INFORMATION_FORMAT = "dwarf-with-dsym";
				ENABLE_NS_ASSERTIONS = NO;
				ENABLE_STRICT_OBJC_MSGSEND = YES;
				GCC_C_LANGUAGE_STANDARD = gnu11;
				GCC_NO_COMMON_BLOCKS = YES;
				GCC_WARN_64_TO_32_BIT_CONVERSION = YES;
				GCC_WARN_ABOUT_RETURN_TYPE = YES_ERROR;
				GCC_WARN_UNDECLARED_SELECTOR = YES;
				GCC_WARN_UNINITIALIZED_AUTOS = YES_AGGRESSIVE;
				GCC_WARN_UNUSED_FUNCTION = YES;
				GCC_WARN_UNUSED_VARIABLE = YES;
				IPHONEOS_DEPLOYMENT_TARGET = 14.1;
				MTL_ENABLE_DEBUG_INFO = NO;
				MTL_FAST_MATH = YES;
				SDKROOT = iphoneos;
				SWIFT_COMPILATION_MODE = wholemodule;
				SWIFT_OPTIMIZATION_LEVEL = "-O";
				VALIDATE_PRODUCT = YES;
			};
			name = Release;
		};
		00FBFCAF26428A0D00124B8B /* Debug */ = {
			isa = XCBuildConfiguration;
			baseConfigurationReference = 088C826A327E91FC5BD543D0 /* Pods-SearchApp.debug.xcconfig */;
			buildSettings = {
				ASSETCATALOG_COMPILER_APPICON_NAME = AppIcon;
				ASSETCATALOG_COMPILER_GLOBAL_ACCENT_COLOR_NAME = AccentColor;
				CODE_SIGN_STYLE = Automatic;
				INFOPLIST_FILE = SearchApp/Info.plist;
				LD_RUNPATH_SEARCH_PATHS = (
					"$(inherited)",
					"@executable_path/Frameworks",
				);
				PRODUCT_BUNDLE_IDENTIFIER = cemkazim.SearchApp;
				PRODUCT_NAME = "$(TARGET_NAME)";
				SWIFT_VERSION = 5.0;
				TARGETED_DEVICE_FAMILY = "1,2";
			};
			name = Debug;
		};
		00FBFCB026428A0D00124B8B /* Release */ = {
			isa = XCBuildConfiguration;
			baseConfigurationReference = FF227C35317278A1C1212574 /* Pods-SearchApp.release.xcconfig */;
			buildSettings = {
				ASSETCATALOG_COMPILER_APPICON_NAME = AppIcon;
				ASSETCATALOG_COMPILER_GLOBAL_ACCENT_COLOR_NAME = AccentColor;
				CODE_SIGN_STYLE = Automatic;
				INFOPLIST_FILE = SearchApp/Info.plist;
				LD_RUNPATH_SEARCH_PATHS = (
					"$(inherited)",
					"@executable_path/Frameworks",
				);
				PRODUCT_BUNDLE_IDENTIFIER = cemkazim.SearchApp;
				PRODUCT_NAME = "$(TARGET_NAME)";
				SWIFT_VERSION = 5.0;
				TARGETED_DEVICE_FAMILY = "1,2";
			};
			name = Release;
		};
/* End XCBuildConfiguration section */

/* Begin XCConfigurationList section */
		00FBFC9526428A0B00124B8B /* Build configuration list for PBXProject "SearchApp" */ = {
			isa = XCConfigurationList;
			buildConfigurations = (
				00FBFCAC26428A0D00124B8B /* Debug */,
				00FBFCAD26428A0D00124B8B /* Release */,
			);
			defaultConfigurationIsVisible = 0;
			defaultConfigurationName = Release;
		};
		00FBFCAE26428A0D00124B8B /* Build configuration list for PBXNativeTarget "SearchApp" */ = {
			isa = XCConfigurationList;
			buildConfigurations = (
				00FBFCAF26428A0D00124B8B /* Debug */,
				00FBFCB026428A0D00124B8B /* Release */,
			);
			defaultConfigurationIsVisible = 0;
			defaultConfigurationName = Release;
		};
/* End XCConfigurationList section */
	};
	rootObject = 00FBFC9226428A0B00124B8B /* Project object */;
}
